
Microsoft Visual Studio Solution File, Format Version 12.00
# Visual Studio 15
VisualStudioVersion = 15.0.26430.13
MinimumVisualStudioVersion = 10.0.40219.1
Project("{9A19103F-16F7-4668-BE54-9A1E7A4F7556}") = "ReplayZ", "ReplayZ.csproj", "{CE2E7A3A-0325-40F6-B092-4DBFC21E639A}"
EndProject
Global
	GlobalSection(SolutionConfigurationPlatforms) = preSolution
		Debug|Any CPU = Debug|Any CPU
		Release|Any CPU = Release|Any CPU
	EndGlobalSection
	GlobalSection(ProjectConfigurationPlatforms) = postSolution
		{CE2E7A3A-0325-40F6-B092-4DBFC21E639A}.Debug|Any CPU.ActiveCfg = Debug|Any CPU
		{CE2E7A3A-0325-40F6-B092-4DBFC21E639A}.Debug|Any CPU.Build.0 = Debug|Any CPU
		{CE2E7A3A-0325-40F6-B092-4DBFC21E639A}.Release|Any CPU.ActiveCfg = Release|Any CPU
		{CE2E7A3A-0325-40F6-B092-4DBFC21E639A}.Release|Any CPU.Build.0 = Release|Any CPU
	EndGlobalSection
	GlobalSection(SolutionProperties) = preSolution
		HideSolutionNode = FALSE
	EndGlobalSection
EndGlobal
